// !$*UTF8*$!
{
	archiveVersion = 1;
	classes = {
	};
	objectVersion = 46;
	objects = {

/* Begin PBXBuildFile section */
		47679848CD0D21617CF5E653 /* Pods_RyanCalculator.framework in Frameworks */ = {isa = PBXBuildFile; fileRef = 4FE43639368D60B8E5C4DBF2 /* Pods_RyanCalculator.framework */; };
		A646801A1D24016E00135C2B /* UIAnimButton.swift in Sources */ = {isa = PBXBuildFile; fileRef = A64680191D24016E00135C2B /* UIAnimButton.swift */; };
		A646801C1D240C7200135C2B /* UIColor+RyanCal.swift in Sources */ = {isa = PBXBuildFile; fileRef = A646801B1D240C7200135C2B /* UIColor+RyanCal.swift */; };
		A646801E1D240DE800135C2B /* UIJellyAnimationButton.swift in Sources */ = {isa = PBXBuildFile; fileRef = A646801D1D240DE800135C2B /* UIJellyAnimationButton.swift */; };
		A6A27B5F1D215CA9001673EB /* MainProtocols.swift in Sources */ = {isa = PBXBuildFile; fileRef = A6A27B5E1D215CA9001673EB /* MainProtocols.swift */; };
		A6A27B611D215CB2001673EB /* MainPresenter.swift in Sources */ = {isa = PBXBuildFile; fileRef = A6A27B601D215CB2001673EB /* MainPresenter.swift */; };
		A6A27B631D215CC6001673EB /* MainInteractor.swift in Sources */ = {isa = PBXBuildFile; fileRef = A6A27B621D215CC6001673EB /* MainInteractor.swift */; };
		A6A27B651D215D83001673EB /* MainRouter.swift in Sources */ = {isa = PBXBuildFile; fileRef = A6A27B641D215D83001673EB /* MainRouter.swift */; };
		A6A27B681D216023001673EB /* UIGlowRoundedView.swift in Sources */ = {isa = PBXBuildFile; fileRef = A6A27B671D216023001673EB /* UIGlowRoundedView.swift */; };
		A6A27B6A1D2161EA001673EB /* CALayer+RyanCal.swift in Sources */ = {isa = PBXBuildFile; fileRef = A6A27B691D2161EA001673EB /* CALayer+RyanCal.swift */; };
		A6A27B6C1D216581001673EB /* UIGlowRoundedButton.swift in Sources */ = {isa = PBXBuildFile; fileRef = A6A27B6B1D216581001673EB /* UIGlowRoundedButton.swift */; };
		A6D840611D2155790079C7E5 /* AppDelegate.swift in Sources */ = {isa = PBXBuildFile; fileRef = A6D840601D2155790079C7E5 /* AppDelegate.swift */; };
		A6D840631D2155790079C7E5 /* MainViewController.swift in Sources */ = {isa = PBXBuildFile; fileRef = A6D840621D2155790079C7E5 /* MainViewController.swift */; };
		A6D840661D2155790079C7E5 /* Main.storyboard in Resources */ = {isa = PBXBuildFile; fileRef = A6D840641D2155790079C7E5 /* Main.storyboard */; };
		A6D840681D2155790079C7E5 /* Assets.xcassets in Resources */ = {isa = PBXBuildFile; fileRef = A6D840671D2155790079C7E5 /* Assets.xcassets */; };
		A6D8406B1D2155790079C7E5 /* LaunchScreen.storyboard in Resources */ = {isa = PBXBuildFile; fileRef = A6D840691D2155790079C7E5 /* LaunchScreen.storyboard */; };
		A6D8407A1D2159180079C7E5 /* InteractorProtocol.swift in Sources */ = {isa = PBXBuildFile; fileRef = A6D840761D2159180079C7E5 /* InteractorProtocol.swift */; };
		A6D8407B1D2159180079C7E5 /* PresenterProtocol.swift in Sources */ = {isa = PBXBuildFile; fileRef = A6D840771D2159180079C7E5 /* PresenterProtocol.swift */; };
		A6D8407C1D2159180079C7E5 /* RouterProtocol.swift in Sources */ = {isa = PBXBuildFile; fileRef = A6D840781D2159180079C7E5 /* RouterProtocol.swift */; };
		A6D8407D1D2159180079C7E5 /* ViewControllerProtocol.swift in Sources */ = {isa = PBXBuildFile; fileRef = A6D840791D2159180079C7E5 /* ViewControllerProtocol.swift */; };
		A6D840801D21597D0079C7E5 /* UIViewController+RyanCal.swift in Sources */ = {isa = PBXBuildFile; fileRef = A6D8407F1D21597D0079C7E5 /* UIViewController+RyanCal.swift */; };
		A6D840821D2159BC0079C7E5 /* UIStoryboard+RyanCal.swift in Sources */ = {isa = PBXBuildFile; fileRef = A6D840811D2159BC0079C7E5 /* UIStoryboard+RyanCal.swift */; };
		A6D840841D215ABE0079C7E5 /* NSObject+RyanCal.swift in Sources */ = {isa = PBXBuildFile; fileRef = A6D840831D215ABE0079C7E5 /* NSObject+RyanCal.swift */; };
/* End PBXBuildFile section */

/* Begin PBXFileReference section */
		4FE43639368D60B8E5C4DBF2 /* Pods_RyanCalculator.framework */ = {isa = PBXFileReference; explicitFileType = wrapper.framework; includeInIndex = 0; path = Pods_RyanCalculator.framework; sourceTree = BUILT_PRODUCTS_DIR; };
		9DB00173605D9F51C57074AD /* Pods-RyanCalculator.release.xcconfig */ = {isa = PBXFileReference; includeInIndex = 1; lastKnownFileType = text.xcconfig; name = "Pods-RyanCalculator.release.xcconfig"; path = "Pods/Target Support Files/Pods-RyanCalculator/Pods-RyanCalculator.release.xcconfig"; sourceTree = "<group>"; };
		A64680191D24016E00135C2B /* UIAnimButton.swift */ = {isa = PBXFileReference; fileEncoding = 4; lastKnownFileType = sourcecode.swift; path = UIAnimButton.swift; sourceTree = "<group>"; };
		A646801B1D240C7200135C2B /* UIColor+RyanCal.swift */ = {isa = PBXFileReference; fileEncoding = 4; lastKnownFileType = sourcecode.swift; path = "UIColor+RyanCal.swift"; sourceTree = "<group>"; };
		A646801D1D240DE800135C2B /* UIJellyAnimationButton.swift */ = {isa = PBXFileReference; fileEncoding = 4; lastKnownFileType = sourcecode.swift; path = UIJellyAnimationButton.swift; sourceTree = "<group>"; };
		A6A27B5E1D215CA9001673EB /* MainProtocols.swift */ = {isa = PBXFileReference; fileEncoding = 4; lastKnownFileType = sourcecode.swift; path = MainProtocols.swift; sourceTree = "<group>"; };
		A6A27B601D215CB2001673EB /* MainPresenter.swift */ = {isa = PBXFileReference; fileEncoding = 4; lastKnownFileType = sourcecode.swift; path = MainPresenter.swift; sourceTree = "<group>"; };
		A6A27B621D215CC6001673EB /* MainInteractor.swift */ = {isa = PBXFileReference; fileEncoding = 4; lastKnownFileType = sourcecode.swift; path = MainInteractor.swift; sourceTree = "<group>"; };
		A6A27B641D215D83001673EB /* MainRouter.swift */ = {isa = PBXFileReference; fileEncoding = 4; lastKnownFileType = sourcecode.swift; path = MainRouter.swift; sourceTree = "<group>"; };
		A6A27B671D216023001673EB /* UIGlowRoundedView.swift */ = {isa = PBXFileReference; fileEncoding = 4; lastKnownFileType = sourcecode.swift; path = UIGlowRoundedView.swift; sourceTree = "<group>"; };
		A6A27B691D2161EA001673EB /* CALayer+RyanCal.swift */ = {isa = PBXFileReference; fileEncoding = 4; lastKnownFileType = sourcecode.swift; path = "CALayer+RyanCal.swift"; sourceTree = "<group>"; };
		A6A27B6B1D216581001673EB /* UIGlowRoundedButton.swift */ = {isa = PBXFileReference; fileEncoding = 4; lastKnownFileType = sourcecode.swift; path = UIGlowRoundedButton.swift; sourceTree = "<group>"; };
		A6D8405D1D2155790079C7E5 /* RyanCalculator.app */ = {isa = PBXFileReference; explicitFileType = wrapper.application; includeInIndex = 0; path = RyanCalculator.app; sourceTree = BUILT_PRODUCTS_DIR; };
		A6D840601D2155790079C7E5 /* AppDelegate.swift */ = {isa = PBXFileReference; lastKnownFileType = sourcecode.swift; path = AppDelegate.swift; sourceTree = "<group>"; };
		A6D840621D2155790079C7E5 /* MainViewController.swift */ = {isa = PBXFileReference; lastKnownFileType = sourcecode.swift; path = MainViewController.swift; sourceTree = "<group>"; };
		A6D840651D2155790079C7E5 /* Base */ = {isa = PBXFileReference; lastKnownFileType = file.storyboard; name = Base; path = Base.lproj/Main.storyboard; sourceTree = "<group>"; };
		A6D840671D2155790079C7E5 /* Assets.xcassets */ = {isa = PBXFileReference; lastKnownFileType = folder.assetcatalog; path = Assets.xcassets; sourceTree = "<group>"; };
		A6D8406A1D2155790079C7E5 /* Base */ = {isa = PBXFileReference; lastKnownFileType = file.storyboard; name = Base; path = Base.lproj/LaunchScreen.storyboard; sourceTree = "<group>"; };
		A6D8406C1D2155790079C7E5 /* Info.plist */ = {isa = PBXFileReference; lastKnownFileType = text.plist.xml; path = Info.plist; sourceTree = "<group>"; };
		A6D840761D2159180079C7E5 /* InteractorProtocol.swift */ = {isa = PBXFileReference; fileEncoding = 4; lastKnownFileType = sourcecode.swift; path = InteractorProtocol.swift; sourceTree = "<group>"; };
		A6D840771D2159180079C7E5 /* PresenterProtocol.swift */ = {isa = PBXFileReference; fileEncoding = 4; lastKnownFileType = sourcecode.swift; path = PresenterProtocol.swift; sourceTree = "<group>"; };
		A6D840781D2159180079C7E5 /* RouterProtocol.swift */ = {isa = PBXFileReference; fileEncoding = 4; lastKnownFileType = sourcecode.swift; path = RouterProtocol.swift; sourceTree = "<group>"; };
		A6D840791D2159180079C7E5 /* ViewControllerProtocol.swift */ = {isa = PBXFileReference; fileEncoding = 4; lastKnownFileType = sourcecode.swift; path = ViewControllerProtocol.swift; sourceTree = "<group>"; };
		A6D8407F1D21597D0079C7E5 /* UIViewController+RyanCal.swift */ = {isa = PBXFileReference; fileEncoding = 4; lastKnownFileType = sourcecode.swift; path = "UIViewController+RyanCal.swift"; sourceTree = "<group>"; };
		A6D840811D2159BC0079C7E5 /* UIStoryboard+RyanCal.swift */ = {isa = PBXFileReference; fileEncoding = 4; lastKnownFileType = sourcecode.swift; path = "UIStoryboard+RyanCal.swift"; sourceTree = "<group>"; };
		A6D840831D215ABE0079C7E5 /* NSObject+RyanCal.swift */ = {isa = PBXFileReference; fileEncoding = 4; lastKnownFileType = sourcecode.swift; path = "NSObject+RyanCal.swift"; sourceTree = "<group>"; };
		D41D092883DFD075F8FFAA9F /* Pods-RyanCalculator.debug.xcconfig */ = {isa = PBXFileReference; includeInIndex = 1; lastKnownFileType = text.xcconfig; name = "Pods-RyanCalculator.debug.xcconfig"; path = "Pods/Target Support Files/Pods-RyanCalculator/Pods-RyanCalculator.debug.xcconfig"; sourceTree = "<group>"; };
/* End PBXFileReference section */

/* Begin PBXFrameworksBuildPhase section */
		A6D8405A1D2155790079C7E5 /* Frameworks */ = {
			isa = PBXFrameworksBuildPhase;
			buildActionMask = 2147483647;
			files = (
				47679848CD0D21617CF5E653 /* Pods_RyanCalculator.framework in Frameworks */,
			);
			runOnlyForDeploymentPostprocessing = 0;
		};
/* End PBXFrameworksBuildPhase section */

/* Begin PBXGroup section */
		A6A27B661D21600A001673EB /* CustomViews */ = {
			isa = PBXGroup;
			children = (
				A64680191D24016E00135C2B /* UIAnimButton.swift */,
				A6A27B6B1D216581001673EB /* UIGlowRoundedButton.swift */,
				A6A27B671D216023001673EB /* UIGlowRoundedView.swift */,
				A646801D1D240DE800135C2B /* UIJellyAnimationButton.swift */,
			);
			name = CustomViews;
			sourceTree = "<group>";
		};
		A6D840541D2155790079C7E5 = {
			isa = PBXGroup;
			children = (
				A6D8405F1D2155790079C7E5 /* RyanCalculator */,
				A6D8405E1D2155790079C7E5 /* Products */,
				BDFA542628949848ABC92161 /* Pods */,
				E42BA9B51A9C5B9B322973F8 /* Frameworks */,
			);
			sourceTree = "<group>";
		};
		A6D8405E1D2155790079C7E5 /* Products */ = {
			isa = PBXGroup;
			children = (
				A6D8405D1D2155790079C7E5 /* RyanCalculator.app */,
			);
			name = Products;
			sourceTree = "<group>";
		};
		A6D8405F1D2155790079C7E5 /* RyanCalculator */ = {
			isa = PBXGroup;
			children = (
				A6D840721D2157D40079C7E5 /* Sources */,
				A6D840731D2157DF0079C7E5 /* Resources */,
				A6D840741D2157E80079C7E5 /* Supports */,
			);
			path = RyanCalculator;
			sourceTree = "<group>";
		};
		A6D840721D2157D40079C7E5 /* Sources */ = {
			isa = PBXGroup;
			children = (
				A6D840601D2155790079C7E5 /* AppDelegate.swift */,
				A6D840851D215ACF0079C7E5 /* ViewComponents */,
				A6D840751D2158ED0079C7E5 /* Vipers */,
				A6A27B661D21600A001673EB /* CustomViews */,
				A6D8407E1D2159440079C7E5 /* Utils */,
			);
			name = Sources;
			sourceTree = "<group>";
		};
		A6D840731D2157DF0079C7E5 /* Resources */ = {
			isa = PBXGroup;
			children = (
				A6D840691D2155790079C7E5 /* LaunchScreen.storyboard */,
				A6D840641D2155790079C7E5 /* Main.storyboard */,
				A6D840671D2155790079C7E5 /* Assets.xcassets */,
			);
			name = Resources;
			sourceTree = "<group>";
		};
		A6D840741D2157E80079C7E5 /* Supports */ = {
			isa = PBXGroup;
			children = (
				A6D8406C1D2155790079C7E5 /* Info.plist */,
			);
			name = Supports;
			sourceTree = "<group>";
		};
		A6D840751D2158ED0079C7E5 /* Vipers */ = {
			isa = PBXGroup;
			children = (
				A6D840781D2159180079C7E5 /* RouterProtocol.swift */,
				A6D840791D2159180079C7E5 /* ViewControllerProtocol.swift */,
				A6D840771D2159180079C7E5 /* PresenterProtocol.swift */,
				A6D840761D2159180079C7E5 /* InteractorProtocol.swift */,
			);
			name = Vipers;
			sourceTree = "<group>";
		};
		A6D8407E1D2159440079C7E5 /* Utils */ = {
			isa = PBXGroup;
			children = (
				A6A27B691D2161EA001673EB /* CALayer+RyanCal.swift */,
				A6D840831D215ABE0079C7E5 /* NSObject+RyanCal.swift */,
				A646801B1D240C7200135C2B /* UIColor+RyanCal.swift */,
				A6D840811D2159BC0079C7E5 /* UIStoryboard+RyanCal.swift */,
				A6D8407F1D21597D0079C7E5 /* UIViewController+RyanCal.swift */,
			);
			name = Utils;
			sourceTree = "<group>";
		};
		A6D840851D215ACF0079C7E5 /* ViewComponents */ = {
			isa = PBXGroup;
			children = (
				A6D840861D215ADB0079C7E5 /* Main */,
			);
			name = ViewComponents;
			sourceTree = "<group>";
		};
		A6D840861D215ADB0079C7E5 /* Main */ = {
			isa = PBXGroup;
			children = (
				A6A27B5E1D215CA9001673EB /* MainProtocols.swift */,
				A6A27B641D215D83001673EB /* MainRouter.swift */,
				A6D840621D2155790079C7E5 /* MainViewController.swift */,
				A6A27B601D215CB2001673EB /* MainPresenter.swift */,
				A6A27B621D215CC6001673EB /* MainInteractor.swift */,
			);
			name = Main;
			sourceTree = "<group>";
		};
		BDFA542628949848ABC92161 /* Pods */ = {
			isa = PBXGroup;
			children = (
				D41D092883DFD075F8FFAA9F /* Pods-RyanCalculator.debug.xcconfig */,
				9DB00173605D9F51C57074AD /* Pods-RyanCalculator.release.xcconfig */,
			);
			name = Pods;
			sourceTree = "<group>";
		};
		E42BA9B51A9C5B9B322973F8 /* Frameworks */ = {
			isa = PBXGroup;
			children = (
				4FE43639368D60B8E5C4DBF2 /* Pods_RyanCalculator.framework */,
			);
			name = Frameworks;
			sourceTree = "<group>";
		};
/* End PBXGroup section */

/* Begin PBXNativeTarget section */
		A6D8405C1D2155790079C7E5 /* RyanCalculator */ = {
			isa = PBXNativeTarget;
			buildConfigurationList = A6D8406F1D2155790079C7E5 /* Build configuration list for PBXNativeTarget "RyanCalculator" */;
			buildPhases = (
				4183CB0200FB73A16F51079A /* [CP] Check Pods Manifest.lock */,
				A6D840591D2155790079C7E5 /* Sources */,
				A6D8405A1D2155790079C7E5 /* Frameworks */,
				A6D8405B1D2155790079C7E5 /* Resources */,
				033292105236B77BF4119241 /* [CP] Embed Pods Frameworks */,
				4C390B3115A89E874693785B /* [CP] Copy Pods Resources */,
			);
			buildRules = (
			);
			dependencies = (
			);
			name = RyanCalculator;
			productName = RyanCalculator;
			productReference = A6D8405D1D2155790079C7E5 /* RyanCalculator.app */;
			productType = "com.apple.product-type.application";
		};
/* End PBXNativeTarget section */

/* Begin PBXProject section */
		A6D840551D2155790079C7E5 /* Project object */ = {
			isa = PBXProject;
			attributes = {
				LastSwiftUpdateCheck = 0730;
				LastUpgradeCheck = 0730;
				ORGANIZATIONNAME = "Mash Up";
				TargetAttributes = {
					A6D8405C1D2155790079C7E5 = {
						CreatedOnToolsVersion = 7.3.1;
					};
				};
			};
			buildConfigurationList = A6D840581D2155790079C7E5 /* Build configuration list for PBXProject "RyanCalculator" */;
			compatibilityVersion = "Xcode 3.2";
			developmentRegion = English;
			hasScannedForEncodings = 0;
			knownRegions = (
				en,
				Base,
			);
			mainGroup = A6D840541D2155790079C7E5;
			productRefGroup = A6D8405E1D2155790079C7E5 /* Products */;
			projectDirPath = "";
			projectRoot = "";
			targets = (
				A6D8405C1D2155790079C7E5 /* RyanCalculator */,
			);
		};
/* End PBXProject section */

/* Begin PBXResourcesBuildPhase section */
		A6D8405B1D2155790079C7E5 /* Resources */ = {
			isa = PBXResourcesBuildPhase;
			buildActionMask = 2147483647;
			files = (
				A6D8406B1D2155790079C7E5 /* LaunchScreen.storyboard in Resources */,
				A6D840681D2155790079C7E5 /* Assets.xcassets in Resources */,
				A6D840661D2155790079C7E5 /* Main.storyboard in Resources */,
			);
			runOnlyForDeploymentPostprocessing = 0;
		};
/* End PBXResourcesBuildPhase section */

/* Begin PBXShellScriptBuildPhase section */
		033292105236B77BF4119241 /* [CP] Embed Pods Frameworks */ = {
			isa = PBXShellScriptBuildPhase;
			buildActionMask = 2147483647;
			files = (
			);
			inputPaths = (
			);
			name = "[CP] Embed Pods Frameworks";
			outputPaths = (
			);
			runOnlyForDeploymentPostprocessing = 0;
			shellPath = /bin/sh;
			shellScript = "\"${SRCROOT}/Pods/Target Support Files/Pods-RyanCalculator/Pods-RyanCalculator-frameworks.sh\"\n";
			showEnvVarsInLog = 0;
		};
		4183CB0200FB73A16F51079A /* [CP] Check Pods Manifest.lock */ = {
			isa = PBXShellScriptBuildPhase;
			buildActionMask = 2147483647;
			files = (
			);
			inputPaths = (
			);
			name = "[CP] Check Pods Manifest.lock";
			outputPaths = (
			);
			runOnlyForDeploymentPostprocessing = 0;
			shellPath = /bin/sh;
			shellScript = "diff \"${PODS_ROOT}/../Podfile.lock\" \"${PODS_ROOT}/Manifest.lock\" > /dev/null\nif [[ $? != 0 ]] ; then\n    cat << EOM\nerror: The sandbox is not in sync with the Podfile.lock. Run 'pod install' or update your CocoaPods installation.\nEOM\n    exit 1\nfi\n";
			showEnvVarsInLog = 0;
		};
		4C390B3115A89E874693785B /* [CP] Copy Pods Resources */ = {
			isa = PBXShellScriptBuildPhase;
			buildActionMask = 2147483647;
			files = (
			);
			inputPaths = (
			);
			name = "[CP] Copy Pods Resources";
			outputPaths = (
			);
			runOnlyForDeploymentPostprocessing = 0;
			shellPath = /bin/sh;
			shellScript = "\"${SRCROOT}/Pods/Target Support Files/Pods-RyanCalculator/Pods-RyanCalculator-resources.sh\"\n";
			showEnvVarsInLog = 0;
		};
/* End PBXShellScriptBuildPhase section */

/* Begin PBXSourcesBuildPhase section */
		A6D840591D2155790079C7E5 /* Sources */ = {
			isa = PBXSourcesBuildPhase;
			buildActionMask = 2147483647;
			files = (
				A646801A1D24016E00135C2B /* UIAnimButton.swift in Sources */,
				A6D8407D1D2159180079C7E5 /* ViewControllerProtocol.swift in Sources */,
				A6A27B681D216023001673EB /* UIGlowRoundedView.swift in Sources */,
				A6D840821D2159BC0079C7E5 /* UIStoryboard+RyanCal.swift in Sources */,
				A6D840841D215ABE0079C7E5 /* NSObject+RyanCal.swift in Sources */,
				A6D8407B1D2159180079C7E5 /* PresenterProtocol.swift in Sources */,
				A6D840631D2155790079C7E5 /* MainViewController.swift in Sources */,
				A6A27B651D215D83001673EB /* MainRouter.swift in Sources */,
				A6D8407C1D2159180079C7E5 /* RouterProtocol.swift in Sources */,
				A646801E1D240DE800135C2B /* UIJellyAnimationButton.swift in Sources */,
				A6A27B6C1D216581001673EB /* UIGlowRoundedButton.swift in Sources */,
				A6D840611D2155790079C7E5 /* AppDelegate.swift in Sources */,
				A6D8407A1D2159180079C7E5 /* InteractorProtocol.swift in Sources */,
				A646801C1D240C7200135C2B /* UIColor+RyanCal.swift in Sources */,
				A6A27B6A1D2161EA001673EB /* CALayer+RyanCal.swift in Sources */,
				A6A27B611D215CB2001673EB /* MainPresenter.swift in Sources */,
				A6A27B5F1D215CA9001673EB /* MainProtocols.swift in Sources */,
				A6D840801D21597D0079C7E5 /* UIViewController+RyanCal.swift in Sources */,
				A6A27B631D215CC6001673EB /* MainInteractor.swift in Sources */,
			);
			runOnlyForDeploymentPostprocessing = 0;
		};
/* End PBXSourcesBuildPhase section */

/* Begin PBXVariantGroup section */
		A6D840641D2155790079C7E5 /* Main.storyboard */ = {
			isa = PBXVariantGroup;
			children = (
				A6D840651D2155790079C7E5 /* Base */,
			);
			name = Main.storyboard;
			sourceTree = "<group>";
		};
		A6D840691D2155790079C7E5 /* LaunchScreen.storyboard */ = {
			isa = PBXVariantGroup;
			children = (
				A6D8406A1D2155790079C7E5 /* Base */,
			);
			name = LaunchScreen.storyboard;
			sourceTree = "<group>";
		};
/* End PBXVariantGroup section */

/* Begin XCBuildConfiguration section */
		A6D8406D1D2155790079C7E5 /* Debug */ = {
			isa = XCBuildConfiguration;
			buildSettings = {
				ALWAYS_SEARCH_USER_PATHS = NO;
				CLANG_ANALYZER_NONNULL = YES;
				CLANG_CXX_LANGUAGE_STANDARD = "gnu++0x";
				CLANG_CXX_LIBRARY = "libc++";
				CLANG_ENABLE_MODULES = YES;
				CLANG_ENABLE_OBJC_ARC = YES;
				CLANG_WARN_BOOL_CONVERSION = YES;
				CLANG_WARN_CONSTANT_CONVERSION = YES;
				CLANG_WARN_DIRECT_OBJC_ISA_USAGE = YES_ERROR;
				CLANG_WARN_EMPTY_BODY = YES;
				CLANG_WARN_ENUM_CONVERSION = YES;
				CLANG_WARN_INT_CONVERSION = YES;
				CLANG_WARN_OBJC_ROOT_CLASS = YES_ERROR;
				CLANG_WARN_UNREACHABLE_CODE = YES;
				CLANG_WARN__DUPLICATE_METHOD_MATCH = YES;
				"CODE_SIGN_IDENTITY[sdk=iphoneos*]" = "iPhone Developer";
				COPY_PHASE_STRIP = NO;
				DEBUG_INFORMATION_FORMAT = dwarf;
				ENABLE_STRICT_OBJC_MSGSEND = YES;
				ENABLE_TESTABILITY = YES;
				GCC_C_LANGUAGE_STANDARD = gnu99;
				GCC_DYNAMIC_NO_PIC = NO;
				GCC_NO_COMMON_BLOCKS = YES;
				GCC_OPTIMIZATION_LEVEL = 0;
				GCC_PREPROCESSOR_DEFINITIONS = (
					"DEBUG=1",
					"$(inherited)",
				);
				GCC_WARN_64_TO_32_BIT_CONVERSION = YES;
				GCC_WARN_ABOUT_RETURN_TYPE = YES_ERROR;
				GCC_WARN_UNDECLARED_SELECTOR = YES;
				GCC_WARN_UNINITIALIZED_AUTOS = YES_AGGRESSIVE;
				GCC_WARN_UNUSED_FUNCTION = YES;
				GCC_WARN_UNUSED_VARIABLE = YES;
				IPHONEOS_DEPLOYMENT_TARGET = 9.3;
				MTL_ENABLE_DEBUG_INFO = YES;
				ONLY_ACTIVE_ARCH = YES;
				SDKROOT = iphoneos;
				SWIFT_OPTIMIZATION_LEVEL = "-Onone";
				TARGETED_DEVICE_FAMILY = "1,2";
			};
			name = Debug;
		};
		A6D8406E1D2155790079C7E5 /* Release */ = {
			isa = XCBuildConfiguration;
			buildSettings = {
				ALWAYS_SEARCH_USER_PATHS = NO;
				CLANG_ANALYZER_NONNULL = YES;
				CLANG_CXX_LANGUAGE_STANDARD = "gnu++0x";
				CLANG_CXX_LIBRARY = "libc++";
				CLANG_ENABLE_MODULES = YES;
				CLANG_ENABLE_OBJC_ARC = YES;
				CLANG_WARN_BOOL_CONVERSION = YES;
				CLANG_WARN_CONSTANT_CONVERSION = YES;
				CLANG_WARN_DIRECT_OBJC_ISA_USAGE = YES_ERROR;
				CLANG_WARN_EMPTY_BODY = YES;
				CLANG_WARN_ENUM_CONVERSION = YES;
				CLANG_WARN_INT_CONVERSION = YES;
				CLANG_WARN_OBJC_ROOT_CLASS = YES_ERROR;
				CLANG_WARN_UNREACHABLE_CODE = YES;
				CLANG_WARN__DUPLICATE_METHOD_MATCH = YES;
				"CODE_SIGN_IDENTITY[sdk=iphoneos*]" = "iPhone Developer";
				COPY_PHASE_STRIP = NO;
				DEBUG_INFORMATION_FORMAT = "dwarf-with-dsym";
				ENABLE_NS_ASSERTIONS = NO;
				ENABLE_STRICT_OBJC_MSGSEND = YES;
				GCC_C_LANGUAGE_STANDARD = gnu99;
				GCC_NO_COMMON_BLOCKS = YES;
				GCC_WARN_64_TO_32_BIT_CONVERSION = YES;
				GCC_WARN_ABOUT_RETURN_TYPE = YES_ERROR;
				GCC_WARN_UNDECLARED_SELECTOR = YES;
				GCC_WARN_UNINITIALIZED_AUTOS = YES_AGGRESSIVE;
				GCC_WARN_UNUSED_FUNCTION = YES;
				GCC_WARN_UNUSED_VARIABLE = YES;
				IPHONEOS_DEPLOYMENT_TARGET = 9.3;
				MTL_ENABLE_DEBUG_INFO = NO;
				SDKROOT = iphoneos;
				TARGETED_DEVICE_FAMILY = "1,2";
				VALIDATE_PRODUCT = YES;
			};
			name = Release;
		};
		A6D840701D2155790079C7E5 /* Debug */ = {
			isa = XCBuildConfiguration;
			baseConfigurationReference = D41D092883DFD075F8FFAA9F /* Pods-RyanCalculator.debug.xcconfig */;
			buildSettings = {
				ASSETCATALOG_COMPILER_APPICON_NAME = AppIcon;
				INFOPLIST_FILE = RyanCalculator/Info.plist;
				IPHONEOS_DEPLOYMENT_TARGET = 9.0;
				LD_RUNPATH_SEARCH_PATHS = "$(inherited) @executable_path/Frameworks";
				PRODUCT_BUNDLE_IDENTIFIER = kr.mashup.RyanCalculator;
				PRODUCT_NAME = "$(TARGET_NAME)";
			};
			name = Debug;
		};
		A6D840711D2155790079C7E5 /* Release */ = {
			isa = XCBuildConfiguration;
			baseConfigurationReference = 9DB00173605D9F51C57074AD /* Pods-RyanCalculator.release.xcconfig */;
			buildSettings = {
				ASSETCATALOG_COMPILER_APPICON_NAME = AppIcon;
				INFOPLIST_FILE = RyanCalculator/Info.plist;
				IPHONEOS_DEPLOYMENT_TARGET = 9.0;
				LD_RUNPATH_SEARCH_PATHS = "$(inherited) @executable_path/Frameworks";
				PRODUCT_BUNDLE_IDENTIFIER = kr.mashup.RyanCalculator;
				PRODUCT_NAME = "$(TARGET_NAME)";
			};
			name = Release;
		};
/* End XCBuildConfiguration section */

/* Begin XCConfigurationList section */
		A6D840581D2155790079C7E5 /* Build configuration list for PBXProject "RyanCalculator" */ = {
			isa = XCConfigurationList;
			buildConfigurations = (
				A6D8406D1D2155790079C7E5 /* Debug */,
				A6D8406E1D2155790079C7E5 /* Release */,
			);
			defaultConfigurationIsVisible = 0;
			defaultConfigurationName = Release;
		};
		A6D8406F1D2155790079C7E5 /* Build configuration list for PBXNativeTarget "RyanCalculator" */ = {
			isa = XCConfigurationList;
			buildConfigurations = (
				A6D840701D2155790079C7E5 /* Debug */,
				A6D840711D2155790079C7E5 /* Release */,
			);
			defaultConfigurationIsVisible = 0;
			defaultConfigurationName = Release;
		};
/* End XCConfigurationList section */
	};
	rootObject = A6D840551D2155790079C7E5 /* Project object */;
}
